
Microsoft Visual Studio Solution File, Format Version 12.00
# Visual Studio Version 17
VisualStudioVersion = 17.2.32630.192
MinimumVisualStudioVersion = 10.0.40219.1
Project("{FAE04EC0-301F-11D3-BF4B-00C04F79EFBC}") = "BreakfastCards Manage System", "BreakfastCards Manage System.csproj", "{D687030B-C87B-4E56-9F92-B9DDB8B39A71}"
EndProject
Global
	GlobalSection(SolutionConfigurationPlatforms) = preSolution
		Debug|Any CPU = Debug|Any CPU
		Release|Any CPU = Release|Any CPU
	EndGlobalSection
	GlobalSection(ProjectConfigurationPlatforms) = postSolution
		{D687030B-C87B-4E56-9F92-B9DDB8B39A71}.Debug|Any CPU.ActiveCfg = Debug|Any CPU
		{D687030B-C87B-4E56-9F92-B9DDB8B39A71}.Debug|Any CPU.Build.0 = Debug|Any CPU
		{D687030B-C87B-4E56-9F92-B9DDB8B39A71}.Release|Any CPU.ActiveCfg = Release|Any CPU
		{D687030B-C87B-4E56-9F92-B9DDB8B39A71}.Release|Any CPU.Build.0 = Release|Any CPU
	EndGlobalSection
	GlobalSection(SolutionProperties) = preSolution
		HideSolutionNode = FALSE
	EndGlobalSection
	GlobalSection(ExtensibilityGlobals) = postSolution
		SolutionGuid = {D52D93E5-20A1-4E7A-8915-3DA66A4B2694}
	EndGlobalSection
EndGlobal
